{
  "name": "@kyuri-metro/shmetro-line-id-block-2025-svg-generator",
  "version": "0.1.3",
  "lockfileVersion": 3,
  "requires": true,
  "packages": {
    "": {
      "name": "@kyuri-metro/shmetro-line-id-block-2025-svg-generator",
      "version": "0.1.3",
      "license": "MIT"
    }
  }
}
